
Microsoft Visual Studio Solution File, Format Version 12.00
Project("{2150E333-8FDC-42A3-9474-1A3956D46DE8}") = "SulutionFiles", "SulutionFiles", "{1A3F0966-AC89-4739-853E-E30291A75DD4}"
	ProjectSection(SolutionItems) = preProject
		Directory.Build.props = Directory.Build.props
		editorconfig = editorconfig
		Shop.sln.DotSettings = Shop.sln.DotSettings
		..\.gitignore = ..\.gitignore
	EndProjectSection
EndProject
Global
	GlobalSection(SolutionConfigurationPlatforms) = preSolution
		Debug|Any CPU = Debug|Any CPU
		Release|Any CPU = Release|Any CPU
	EndGlobalSection
EndGlobal
